// !$*UTF8*$!
{
	archiveVersion = 1;
	classes = {
	};
	objectVersion = 50;
	objects = {

/* Begin PBXBuildFile section */
		883384BF25CCBDE800670F19 /* FirstTests.swift in Sources */ = {isa = PBXBuildFile; fileRef = 883384BE25CCBDE800670F19 /* FirstTests.swift */; };
		88C7E2E625CCBACE00D3E565 /* AppDelegate.swift in Sources */ = {isa = PBXBuildFile; fileRef = 88C7E2E525CCBACE00D3E565 /* AppDelegate.swift */; };
		88C7E2E825CCBACE00D3E565 /* SceneDelegate.swift in Sources */ = {isa = PBXBuildFile; fileRef = 88C7E2E725CCBACE00D3E565 /* SceneDelegate.swift */; };
		88C7E2EA25CCBACE00D3E565 /* ViewController.swift in Sources */ = {isa = PBXBuildFile; fileRef = 88C7E2E925CCBACE00D3E565 /* ViewController.swift */; };
		88C7E2ED25CCBACE00D3E565 /* Main.storyboard in Resources */ = {isa = PBXBuildFile; fileRef = 88C7E2EB25CCBACE00D3E565 /* Main.storyboard */; };
		88C7E2EF25CCBAD300D3E565 /* Assets.xcassets in Resources */ = {isa = PBXBuildFile; fileRef = 88C7E2EE25CCBAD300D3E565 /* Assets.xcassets */; };
		88C7E2F225CCBAD300D3E565 /* LaunchScreen.storyboard in Resources */ = {isa = PBXBuildFile; fileRef = 88C7E2F025CCBAD300D3E565 /* LaunchScreen.storyboard */; };
		88C7E30825CCBAD400D3E565 /* FirstTestUITests.swift in Sources */ = {isa = PBXBuildFile; fileRef = 88C7E30725CCBAD400D3E565 /* FirstTestUITests.swift */; };
		88C7E31925CCBB6500D3E565 /* Hater.swift in Sources */ = {isa = PBXBuildFile; fileRef = 88C7E31825CCBB6500D3E565 /* Hater.swift */; };
/* End PBXBuildFile section */

/* Begin PBXContainerItemProxy section */
		88C7E2F925CCBAD400D3E565 /* PBXContainerItemProxy */ = {
			isa = PBXContainerItemProxy;
			containerPortal = 88C7E2DA25CCBACD00D3E565 /* Project object */;
			proxyType = 1;
			remoteGlobalIDString = 88C7E2E125CCBACE00D3E565;
			remoteInfo = FirstTest;
		};
		88C7E30425CCBAD400D3E565 /* PBXContainerItemProxy */ = {
			isa = PBXContainerItemProxy;
			containerPortal = 88C7E2DA25CCBACD00D3E565 /* Project object */;
			proxyType = 1;
			remoteGlobalIDString = 88C7E2E125CCBACE00D3E565;
			remoteInfo = FirstTest;
		};
/* End PBXContainerItemProxy section */

/* Begin PBXFileReference section */
		883384BE25CCBDE800670F19 /* FirstTests.swift */ = {isa = PBXFileReference; lastKnownFileType = sourcecode.swift; path = FirstTests.swift; sourceTree = "<group>"; };
		88C7E2E225CCBACE00D3E565 /* FirstTest.app */ = {isa = PBXFileReference; explicitFileType = wrapper.application; includeInIndex = 0; path = FirstTest.app; sourceTree = BUILT_PRODUCTS_DIR; };
		88C7E2E525CCBACE00D3E565 /* AppDelegate.swift */ = {isa = PBXFileReference; lastKnownFileType = sourcecode.swift; path = AppDelegate.swift; sourceTree = "<group>"; };
		88C7E2E725CCBACE00D3E565 /* SceneDelegate.swift */ = {isa = PBXFileReference; lastKnownFileType = sourcecode.swift; path = SceneDelegate.swift; sourceTree = "<group>"; };
		88C7E2E925CCBACE00D3E565 /* ViewController.swift */ = {isa = PBXFileReference; lastKnownFileType = sourcecode.swift; path = ViewController.swift; sourceTree = "<group>"; };
		88C7E2EC25CCBACE00D3E565 /* Base */ = {isa = PBXFileReference; lastKnownFileType = file.storyboard; name = Base; path = Base.lproj/Main.storyboard; sourceTree = "<group>"; };
		88C7E2EE25CCBAD300D3E565 /* Assets.xcassets */ = {isa = PBXFileReference; lastKnownFileType = folder.assetcatalog; path = Assets.xcassets; sourceTree = "<group>"; };
		88C7E2F125CCBAD300D3E565 /* Base */ = {isa = PBXFileReference; lastKnownFileType = file.storyboard; name = Base; path = Base.lproj/LaunchScreen.storyboard; sourceTree = "<group>"; };
		88C7E2F325CCBAD300D3E565 /* Info.plist */ = {isa = PBXFileReference; lastKnownFileType = text.plist.xml; path = Info.plist; sourceTree = "<group>"; };
		88C7E2F825CCBAD400D3E565 /* FirstTestTests.xctest */ = {isa = PBXFileReference; explicitFileType = wrapper.cfbundle; includeInIndex = 0; path = FirstTestTests.xctest; sourceTree = BUILT_PRODUCTS_DIR; };
		88C7E2FE25CCBAD400D3E565 /* Info.plist */ = {isa = PBXFileReference; lastKnownFileType = text.plist.xml; path = Info.plist; sourceTree = "<group>"; };
		88C7E30325CCBAD400D3E565 /* FirstTestUITests.xctest */ = {isa = PBXFileReference; explicitFileType = wrapper.cfbundle; includeInIndex = 0; path = FirstTestUITests.xctest; sourceTree = BUILT_PRODUCTS_DIR; };
		88C7E30725CCBAD400D3E565 /* FirstTestUITests.swift */ = {isa = PBXFileReference; lastKnownFileType = sourcecode.swift; path = FirstTestUITests.swift; sourceTree = "<group>"; };
		88C7E30925CCBAD400D3E565 /* Info.plist */ = {isa = PBXFileReference; lastKnownFileType = text.plist.xml; path = Info.plist; sourceTree = "<group>"; };
		88C7E31825CCBB6500D3E565 /* Hater.swift */ = {isa = PBXFileReference; lastKnownFileType = sourcecode.swift; path = Hater.swift; sourceTree = "<group>"; };
/* End PBXFileReference section */

/* Begin PBXFrameworksBuildPhase section */
		88C7E2DF25CCBACE00D3E565 /* Frameworks */ = {
			isa = PBXFrameworksBuildPhase;
			buildActionMask = 2147483647;
			files = (
			);
			runOnlyForDeploymentPostprocessing = 0;
		};
		88C7E2F525CCBAD400D3E565 /* Frameworks */ = {
			isa = PBXFrameworksBuildPhase;
			buildActionMask = 2147483647;
			files = (
			);
			runOnlyForDeploymentPostprocessing = 0;
		};
		88C7E30025CCBAD400D3E565 /* Frameworks */ = {
			isa = PBXFrameworksBuildPhase;
			buildActionMask = 2147483647;
			files = (
			);
			runOnlyForDeploymentPostprocessing = 0;
		};
/* End PBXFrameworksBuildPhase section */

/* Begin PBXGroup section */
		88C7E2D925CCBACD00D3E565 = {
			isa = PBXGroup;
			children = (
				88C7E2E425CCBACE00D3E565 /* FirstTest */,
				88C7E2FB25CCBAD400D3E565 /* FirstTestTests */,
				88C7E30625CCBAD400D3E565 /* FirstTestUITests */,
				88C7E2E325CCBACE00D3E565 /* Products */,
			);
			sourceTree = "<group>";
		};
		88C7E2E325CCBACE00D3E565 /* Products */ = {
			isa = PBXGroup;
			children = (
				88C7E2E225CCBACE00D3E565 /* FirstTest.app */,
				88C7E2F825CCBAD400D3E565 /* FirstTestTests.xctest */,
				88C7E30325CCBAD400D3E565 /* FirstTestUITests.xctest */,
			);
			name = Products;
			sourceTree = "<group>";
		};
		88C7E2E425CCBACE00D3E565 /* FirstTest */ = {
			isa = PBXGroup;
			children = (
				88C7E2E525CCBACE00D3E565 /* AppDelegate.swift */,
				88C7E2E725CCBACE00D3E565 /* SceneDelegate.swift */,
				88C7E2E925CCBACE00D3E565 /* ViewController.swift */,
				88C7E31825CCBB6500D3E565 /* Hater.swift */,
				88C7E2EB25CCBACE00D3E565 /* Main.storyboard */,
				88C7E2EE25CCBAD300D3E565 /* Assets.xcassets */,
				88C7E2F025CCBAD300D3E565 /* LaunchScreen.storyboard */,
				88C7E2F325CCBAD300D3E565 /* Info.plist */,
			);
			path = FirstTest;
			sourceTree = "<group>";
		};
		88C7E2FB25CCBAD400D3E565 /* FirstTestTests */ = {
			isa = PBXGroup;
			children = (
				883384BE25CCBDE800670F19 /* FirstTests.swift */,
				88C7E2FE25CCBAD400D3E565 /* Info.plist */,
			);
			path = FirstTestTests;
			sourceTree = "<group>";
		};
		88C7E30625CCBAD400D3E565 /* FirstTestUITests */ = {
			isa = PBXGroup;
			children = (
				88C7E30725CCBAD400D3E565 /* FirstTestUITests.swift */,
				88C7E30925CCBAD400D3E565 /* Info.plist */,
			);
			path = FirstTestUITests;
			sourceTree = "<group>";
		};
/* End PBXGroup section */

/* Begin PBXNativeTarget section */
		88C7E2E125CCBACE00D3E565 /* FirstTest */ = {
			isa = PBXNativeTarget;
			buildConfigurationList = 88C7E30C25CCBAD400D3E565 /* Build configuration list for PBXNativeTarget "FirstTest" */;
			buildPhases = (
				88C7E2DE25CCBACE00D3E565 /* Sources */,
				88C7E2DF25CCBACE00D3E565 /* Frameworks */,
				88C7E2E025CCBACE00D3E565 /* Resources */,
			);
			buildRules = (
			);
			dependencies = (
			);
			name = FirstTest;
			productName = FirstTest;
			productReference = 88C7E2E225CCBACE00D3E565 /* FirstTest.app */;
			productType = "com.apple.product-type.application";
		};
		88C7E2F725CCBAD400D3E565 /* FirstTestTests */ = {
			isa = PBXNativeTarget;
			buildConfigurationList = 88C7E30F25CCBAD400D3E565 /* Build configuration list for PBXNativeTarget "FirstTestTests" */;
			buildPhases = (
				88C7E2F425CCBAD400D3E565 /* Sources */,
				88C7E2F525CCBAD400D3E565 /* Frameworks */,
				88C7E2F625CCBAD400D3E565 /* Resources */,
			);
			buildRules = (
			);
			dependencies = (
				88C7E2FA25CCBAD400D3E565 /* PBXTargetDependency */,
			);
			name = FirstTestTests;
			productName = FirstTestTests;
			productReference = 88C7E2F825CCBAD400D3E565 /* FirstTestTests.xctest */;
			productType = "com.apple.product-type.bundle.unit-test";
		};
		88C7E30225CCBAD400D3E565 /* FirstTestUITests */ = {
			isa = PBXNativeTarget;
			buildConfigurationList = 88C7E31225CCBAD400D3E565 /* Build configuration list for PBXNativeTarget "FirstTestUITests" */;
			buildPhases = (
				88C7E2FF25CCBAD400D3E565 /* Sources */,
				88C7E30025CCBAD400D3E565 /* Frameworks */,
				88C7E30125CCBAD400D3E565 /* Resources */,
			);
			buildRules = (
			);
			dependencies = (
				88C7E30525CCBAD400D3E565 /* PBXTargetDependency */,
			);
			name = FirstTestUITests;
			productName = FirstTestUITests;
			productReference = 88C7E30325CCBAD400D3E565 /* FirstTestUITests.xctest */;
			productType = "com.apple.product-type.bundle.ui-testing";
		};
/* End PBXNativeTarget section */

/* Begin PBXProject section */
		88C7E2DA25CCBACD00D3E565 /* Project object */ = {
			isa = PBXProject;
			attributes = {
				LastSwiftUpdateCheck = 1230;
				LastUpgradeCheck = 1230;
				TargetAttributes = {
					88C7E2E125CCBACE00D3E565 = {
						CreatedOnToolsVersion = 12.3;
					};
					88C7E2F725CCBAD400D3E565 = {
						CreatedOnToolsVersion = 12.3;
						TestTargetID = 88C7E2E125CCBACE00D3E565;
					};
					88C7E30225CCBAD400D3E565 = {
						CreatedOnToolsVersion = 12.3;
						TestTargetID = 88C7E2E125CCBACE00D3E565;
					};
				};
			};
			buildConfigurationList = 88C7E2DD25CCBACD00D3E565 /* Build configuration list for PBXProject "FirstTest" */;
			compatibilityVersion = "Xcode 9.3";
			developmentRegion = en;
			hasScannedForEncodings = 0;
			knownRegions = (
				en,
				Base,
			);
			mainGroup = 88C7E2D925CCBACD00D3E565;
			productRefGroup = 88C7E2E325CCBACE00D3E565 /* Products */;
			projectDirPath = "";
			projectRoot = "";
			targets = (
				88C7E2E125CCBACE00D3E565 /* FirstTest */,
				88C7E2F725CCBAD400D3E565 /* FirstTestTests */,
				88C7E30225CCBAD400D3E565 /* FirstTestUITests */,
			);
		};
/* End PBXProject section */

/* Begin PBXResourcesBuildPhase section */
		88C7E2E025CCBACE00D3E565 /* Resources */ = {
			isa = PBXResourcesBuildPhase;
			buildActionMask = 2147483647;
			files = (
				88C7E2F225CCBAD300D3E565 /* LaunchScreen.storyboard in Resources */,
				88C7E2EF25CCBAD300D3E565 /* Assets.xcassets in Resources */,
				88C7E2ED25CCBACE00D3E565 /* Main.storyboard in Resources */,
			);
			runOnlyForDeploymentPostprocessing = 0;
		};
		88C7E2F625CCBAD400D3E565 /* Resources */ = {
			isa = PBXResourcesBuildPhase;
			buildActionMask = 2147483647;
			files = (
			);
			runOnlyForDeploymentPostprocessing = 0;
		};
		88C7E30125CCBAD400D3E565 /* Resources */ = {
			isa = PBXResourcesBuildPhase;
			buildActionMask = 2147483647;
			files = (
			);
			runOnlyForDeploymentPostprocessing = 0;
		};
/* End PBXResourcesBuildPhase section */

/* Begin PBXSourcesBuildPhase section */
		88C7E2DE25CCBACE00D3E565 /* Sources */ = {
			isa = PBXSourcesBuildPhase;
			buildActionMask = 2147483647;
			files = (
				88C7E2EA25CCBACE00D3E565 /* ViewController.swift in Sources */,
				88C7E2E625CCBACE00D3E565 /* AppDelegate.swift in Sources */,
				88C7E31925CCBB6500D3E565 /* Hater.swift in Sources */,
				88C7E2E825CCBACE00D3E565 /* SceneDelegate.swift in Sources */,
			);
			runOnlyForDeploymentPostprocessing = 0;
		};
		88C7E2F425CCBAD400D3E565 /* Sources */ = {
			isa = PBXSourcesBuildPhase;
			buildActionMask = 2147483647;
			files = (
				883384BF25CCBDE800670F19 /* FirstTests.swift in Sources */,
			);
			runOnlyForDeploymentPostprocessing = 0;
		};
		88C7E2FF25CCBAD400D3E565 /* Sources */ = {
			isa = PBXSourcesBuildPhase;
			buildActionMask = 2147483647;
			files = (
				88C7E30825CCBAD400D3E565 /* FirstTestUITests.swift in Sources */,
			);
			runOnlyForDeploymentPostprocessing = 0;
		};
/* End PBXSourcesBuildPhase section */

/* Begin PBXTargetDependency section */
		88C7E2FA25CCBAD400D3E565 /* PBXTargetDependency */ = {
			isa = PBXTargetDependency;
			target = 88C7E2E125CCBACE00D3E565 /* FirstTest */;
			targetProxy = 88C7E2F925CCBAD400D3E565 /* PBXContainerItemProxy */;
		};
		88C7E30525CCBAD400D3E565 /* PBXTargetDependency */ = {
			isa = PBXTargetDependency;
			target = 88C7E2E125CCBACE00D3E565 /* FirstTest */;
			targetProxy = 88C7E30425CCBAD400D3E565 /* PBXContainerItemProxy */;
		};
/* End PBXTargetDependency section */

/* Begin PBXVariantGroup section */
		88C7E2EB25CCBACE00D3E565 /* Main.storyboard */ = {
			isa = PBXVariantGroup;
			children = (
				88C7E2EC25CCBACE00D3E565 /* Base */,
			);
			name = Main.storyboard;
			sourceTree = "<group>";
		};
		88C7E2F025CCBAD300D3E565 /* LaunchScreen.storyboard */ = {
			isa = PBXVariantGroup;
			children = (
				88C7E2F125CCBAD300D3E565 /* Base */,
			);
			name = LaunchScreen.storyboard;
			sourceTree = "<group>";
		};
/* End PBXVariantGroup section */

/* Begin XCBuildConfiguration section */
		88C7E30A25CCBAD400D3E565 /* Debug */ = {
			isa = XCBuildConfiguration;
			buildSettings = {
				ALWAYS_SEARCH_USER_PATHS = NO;
				CLANG_ANALYZER_NONNULL = YES;
				CLANG_ANALYZER_NUMBER_OBJECT_CONVERSION = YES_AGGRESSIVE;
				CLANG_CXX_LANGUAGE_STANDARD = "gnu++14";
				CLANG_CXX_LIBRARY = "libc++";
				CLANG_ENABLE_MODULES = YES;
				CLANG_ENABLE_OBJC_ARC = YES;
				CLANG_ENABLE_OBJC_WEAK = YES;
				CLANG_WARN_BLOCK_CAPTURE_AUTORELEASING = YES;
				CLANG_WARN_BOOL_CONVERSION = YES;
				CLANG_WARN_COMMA = YES;
				CLANG_WARN_CONSTANT_CONVERSION = YES;
				CLANG_WARN_DEPRECATED_OBJC_IMPLEMENTATIONS = YES;
				CLANG_WARN_DIRECT_OBJC_ISA_USAGE = YES_ERROR;
				CLANG_WARN_DOCUMENTATION_COMMENTS = YES;
				CLANG_WARN_EMPTY_BODY = YES;
				CLANG_WARN_ENUM_CONVERSION = YES;
				CLANG_WARN_INFINITE_RECURSION = YES;
				CLANG_WARN_INT_CONVERSION = YES;
				CLANG_WARN_NON_LITERAL_NULL_CONVERSION = YES;
				CLANG_WARN_OBJC_IMPLICIT_RETAIN_SELF = YES;
				CLANG_WARN_OBJC_LITERAL_CONVERSION = YES;
				CLANG_WARN_OBJC_ROOT_CLASS = YES_ERROR;
				CLANG_WARN_QUOTED_INCLUDE_IN_FRAMEWORK_HEADER = YES;
				CLANG_WARN_RANGE_LOOP_ANALYSIS = YES;
				CLANG_WARN_STRICT_PROTOTYPES = YES;
				CLANG_WARN_SUSPICIOUS_MOVE = YES;
				CLANG_WARN_UNGUARDED_AVAILABILITY = YES_AGGRESSIVE;
				CLANG_WARN_UNREACHABLE_CODE = YES;
				CLANG_WARN__DUPLICATE_METHOD_MATCH = YES;
				COPY_PHASE_STRIP = NO;
				DEBUG_INFORMATION_FORMAT = dwarf;
				ENABLE_STRICT_OBJC_MSGSEND = YES;
				ENABLE_TESTABILITY = YES;
				GCC_C_LANGUAGE_STANDARD = gnu11;
				GCC_DYNAMIC_NO_PIC = NO;
				GCC_NO_COMMON_BLOCKS = YES;
				GCC_OPTIMIZATION_LEVEL = 0;
				GCC_PREPROCESSOR_DEFINITIONS = (
					"DEBUG=1",
					"$(inherited)",
				);
				GCC_WARN_64_TO_32_BIT_CONVERSION = YES;
				GCC_WARN_ABOUT_RETURN_TYPE = YES_ERROR;
				GCC_WARN_UNDECLARED_SELECTOR = YES;
				GCC_WARN_UNINITIALIZED_AUTOS = YES_AGGRESSIVE;
				GCC_WARN_UNUSED_FUNCTION = YES;
				GCC_WARN_UNUSED_VARIABLE = YES;
				IPHONEOS_DEPLOYMENT_TARGET = 14.3;
				MTL_ENABLE_DEBUG_INFO = INCLUDE_SOURCE;
				MTL_FAST_MATH = YES;
				ONLY_ACTIVE_ARCH = YES;
				SDKROOT = iphoneos;
				SWIFT_ACTIVE_COMPILATION_CONDITIONS = DEBUG;
				SWIFT_OPTIMIZATION_LEVEL = "-Onone";
			};
			name = Debug;
		};
		88C7E30B25CCBAD400D3E565 /* Release */ = {
			isa = XCBuildConfiguration;
			buildSettings = {
				ALWAYS_SEARCH_USER_PATHS = NO;
				CLANG_ANALYZER_NONNULL = YES;
				CLANG_ANALYZER_NUMBER_OBJECT_CONVERSION = YES_AGGRESSIVE;
				CLANG_CXX_LANGUAGE_STANDARD = "gnu++14";
				CLANG_CXX_LIBRARY = "libc++";
				CLANG_ENABLE_MODULES = YES;
				CLANG_ENABLE_OBJC_ARC = YES;
				CLANG_ENABLE_OBJC_WEAK = YES;
				CLANG_WARN_BLOCK_CAPTURE_AUTORELEASING = YES;
				CLANG_WARN_BOOL_CONVERSION = YES;
				CLANG_WARN_COMMA = YES;
				CLANG_WARN_CONSTANT_CONVERSION = YES;
				CLANG_WARN_DEPRECATED_OBJC_IMPLEMENTATIONS = YES;
				CLANG_WARN_DIRECT_OBJC_ISA_USAGE = YES_ERROR;
				CLANG_WARN_DOCUMENTATION_COMMENTS = YES;
				CLANG_WARN_EMPTY_BODY = YES;
				CLANG_WARN_ENUM_CONVERSION = YES;
				CLANG_WARN_INFINITE_RECURSION = YES;
				CLANG_WARN_INT_CONVERSION = YES;
				CLANG_WARN_NON_LITERAL_NULL_CONVERSION = YES;
				CLANG_WARN_OBJC_IMPLICIT_RETAIN_SELF = YES;
				CLANG_WARN_OBJC_LITERAL_CONVERSION = YES;
				CLANG_WARN_OBJC_ROOT_CLASS = YES_ERROR;
				CLANG_WARN_QUOTED_INCLUDE_IN_FRAMEWORK_HEADER = YES;
				CLANG_WARN_RANGE_LOOP_ANALYSIS = YES;
				CLANG_WARN_STRICT_PROTOTYPES = YES;
				CLANG_WARN_SUSPICIOUS_MOVE = YES;
				CLANG_WARN_UNGUARDED_AVAILABILITY = YES_AGGRESSIVE;
				CLANG_WARN_UNREACHABLE_CODE = YES;
				CLANG_WARN__DUPLICATE_METHOD_MATCH = YES;
				COPY_PHASE_STRIP = NO;
				DEBUG_INFORMATION_FORMAT = "dwarf-with-dsym";
				ENABLE_NS_ASSERTIONS = NO;
				ENABLE_STRICT_OBJC_MSGSEND = YES;
				GCC_C_LANGUAGE_STANDARD = gnu11;
				GCC_NO_COMMON_BLOCKS = YES;
				GCC_WARN_64_TO_32_BIT_CONVERSION = YES;
				GCC_WARN_ABOUT_RETURN_TYPE = YES_ERROR;
				GCC_WARN_UNDECLARED_SELECTOR = YES;
				GCC_WARN_UNINITIALIZED_AUTOS = YES_AGGRESSIVE;
				GCC_WARN_UNUSED_FUNCTION = YES;
				GCC_WARN_UNUSED_VARIABLE = YES;
				IPHONEOS_DEPLOYMENT_TARGET = 14.3;
				MTL_ENABLE_DEBUG_INFO = NO;
				MTL_FAST_MATH = YES;
				SDKROOT = iphoneos;
				SWIFT_COMPILATION_MODE = wholemodule;
				SWIFT_OPTIMIZATION_LEVEL = "-O";
				VALIDATE_PRODUCT = YES;
			};
			name = Release;
		};
		88C7E30D25CCBAD400D3E565 /* Debug */ = {
			isa = XCBuildConfiguration;
			buildSettings = {
				ASSETCATALOG_COMPILER_APPICON_NAME = AppIcon;
				ASSETCATALOG_COMPILER_GLOBAL_ACCENT_COLOR_NAME = AccentColor;
				CODE_SIGN_STYLE = Automatic;
				DEVELOPMENT_TEAM = CSN7L4X925;
				INFOPLIST_FILE = FirstTest/Info.plist;
				LD_RUNPATH_SEARCH_PATHS = (
					"$(inherited)",
					"@executable_path/Frameworks",
				);
				PRODUCT_BUNDLE_IDENTIFIER = mx.AyaxAlexis.FirstTest;
				PRODUCT_NAME = "$(TARGET_NAME)";
				SWIFT_VERSION = 5.0;
				TARGETED_DEVICE_FAMILY = "1,2";
			};
			name = Debug;
		};
		88C7E30E25CCBAD400D3E565 /* Release */ = {
			isa = XCBuildConfiguration;
			buildSettings = {
				ASSETCATALOG_COMPILER_APPICON_NAME = AppIcon;
				ASSETCATALOG_COMPILER_GLOBAL_ACCENT_COLOR_NAME = AccentColor;
				CODE_SIGN_STYLE = Automatic;
				DEVELOPMENT_TEAM = CSN7L4X925;
				INFOPLIST_FILE = FirstTest/Info.plist;
				LD_RUNPATH_SEARCH_PATHS = (
					"$(inherited)",
					"@executable_path/Frameworks",
				);
				PRODUCT_BUNDLE_IDENTIFIER = mx.AyaxAlexis.FirstTest;
				PRODUCT_NAME = "$(TARGET_NAME)";
				SWIFT_VERSION = 5.0;
				TARGETED_DEVICE_FAMILY = "1,2";
			};
			name = Release;
		};
		88C7E31025CCBAD400D3E565 /* Debug */ = {
			isa = XCBuildConfiguration;
			buildSettings = {
				ALWAYS_EMBED_SWIFT_STANDARD_LIBRARIES = YES;
				BUNDLE_LOADER = "$(TEST_HOST)";
				CODE_SIGN_STYLE = Automatic;
				DEVELOPMENT_TEAM = CSN7L4X925;
				INFOPLIST_FILE = FirstTestTests/Info.plist;
				IPHONEOS_DEPLOYMENT_TARGET = 14.3;
				LD_RUNPATH_SEARCH_PATHS = (
					"$(inherited)",
					"@executable_path/Frameworks",
					"@loader_path/Frameworks",
				);
				PRODUCT_BUNDLE_IDENTIFIER = mx.AyaxAlexis.FirstTestTests;
				PRODUCT_NAME = "$(TARGET_NAME)";
				SWIFT_VERSION = 5.0;
				TARGETED_DEVICE_FAMILY = "1,2";
				TEST_HOST = "$(BUILT_PRODUCTS_DIR)/FirstTest.app/FirstTest";
			};
			name = Debug;
		};
		88C7E31125CCBAD400D3E565 /* Release */ = {
			isa = XCBuildConfiguration;
			buildSettings = {
				ALWAYS_EMBED_SWIFT_STANDARD_LIBRARIES = YES;
				BUNDLE_LOADER = "$(TEST_HOST)";
				CODE_SIGN_STYLE = Automatic;
				DEVELOPMENT_TEAM = CSN7L4X925;
				INFOPLIST_FILE = FirstTestTests/Info.plist;
				IPHONEOS_DEPLOYMENT_TARGET = 14.3;
				LD_RUNPATH_SEARCH_PATHS = (
					"$(inherited)",
					"@executable_path/Frameworks",
					"@loader_path/Frameworks",
				);
				PRODUCT_BUNDLE_IDENTIFIER = mx.AyaxAlexis.FirstTestTests;
				PRODUCT_NAME = "$(TARGET_NAME)";
				SWIFT_VERSION = 5.0;
				TARGETED_DEVICE_FAMILY = "1,2";
				TEST_HOST = "$(BUILT_PRODUCTS_DIR)/FirstTest.app/FirstTest";
			};
			name = Release;
		};
		88C7E31325CCBAD400D3E565 /* Debug */ = {
			isa = XCBuildConfiguration;
			buildSettings = {
				ALWAYS_EMBED_SWIFT_STANDARD_LIBRARIES = YES;
				CODE_SIGN_STYLE = Automatic;
				DEVELOPMENT_TEAM = CSN7L4X925;
				INFOPLIST_FILE = FirstTestUITests/Info.plist;
				LD_RUNPATH_SEARCH_PATHS = (
					"$(inherited)",
					"@executable_path/Frameworks",
					"@loader_path/Frameworks",
				);
				PRODUCT_BUNDLE_IDENTIFIER = mx.AyaxAlexis.FirstTestUITests;
				PRODUCT_NAME = "$(TARGET_NAME)";
				SWIFT_VERSION = 5.0;
				TARGETED_DEVICE_FAMILY = "1,2";
				TEST_TARGET_NAME = FirstTest;
			};
			name = Debug;
		};
		88C7E31425CCBAD400D3E565 /* Release */ = {
			isa = XCBuildConfiguration;
			buildSettings = {
				ALWAYS_EMBED_SWIFT_STANDARD_LIBRARIES = YES;
				CODE_SIGN_STYLE = Automatic;
				DEVELOPMENT_TEAM = CSN7L4X925;
				INFOPLIST_FILE = FirstTestUITests/Info.plist;
				LD_RUNPATH_SEARCH_PATHS = (
					"$(inherited)",
					"@executable_path/Frameworks",
					"@loader_path/Frameworks",
				);
				PRODUCT_BUNDLE_IDENTIFIER = mx.AyaxAlexis.FirstTestUITests;
				PRODUCT_NAME = "$(TARGET_NAME)";
				SWIFT_VERSION = 5.0;
				TARGETED_DEVICE_FAMILY = "1,2";
				TEST_TARGET_NAME = FirstTest;
			};
			name = Release;
		};
/* End XCBuildConfiguration section */

/* Begin XCConfigurationList section */
		88C7E2DD25CCBACD00D3E565 /* Build configuration list for PBXProject "FirstTest" */ = {
			isa = XCConfigurationList;
			buildConfigurations = (
				88C7E30A25CCBAD400D3E565 /* Debug */,
				88C7E30B25CCBAD400D3E565 /* Release */,
			);
			defaultConfigurationIsVisible = 0;
			defaultConfigurationName = Release;
		};
		88C7E30C25CCBAD400D3E565 /* Build configuration list for PBXNativeTarget "FirstTest" */ = {
			isa = XCConfigurationList;
			buildConfigurations = (
				88C7E30D25CCBAD400D3E565 /* Debug */,
				88C7E30E25CCBAD400D3E565 /* Release */,
			);
			defaultConfigurationIsVisible = 0;
			defaultConfigurationName = Release;
		};
		88C7E30F25CCBAD400D3E565 /* Build configuration list for PBXNativeTarget "FirstTestTests" */ = {
			isa = XCConfigurationList;
			buildConfigurations = (
				88C7E31025CCBAD400D3E565 /* Debug */,
				88C7E31125CCBAD400D3E565 /* Release */,
			);
			defaultConfigurationIsVisible = 0;
			defaultConfigurationName = Release;
		};
		88C7E31225CCBAD400D3E565 /* Build configuration list for PBXNativeTarget "FirstTestUITests" */ = {
			isa = XCConfigurationList;
			buildConfigurations = (
				88C7E31325CCBAD400D3E565 /* Debug */,
				88C7E31425CCBAD400D3E565 /* Release */,
			);
			defaultConfigurationIsVisible = 0;
			defaultConfigurationName = Release;
		};
/* End XCConfigurationList section */
	};
	rootObject = 88C7E2DA25CCBACD00D3E565 /* Project object */;
}
